# This file is automatically @generated by Poetry 1.8.2 and should not be changed by hand.

[[package]]
name = "atomicwrites"
version = "1.4.1"
description = "Atomic file writes."
optional = false
python-versions = ">=2.7, !=3.0.*, !=3.1.*, !=3.2.*, !=3.3.*"
files = [
    {file = "atomicwrites-1.4.1.tar.gz", hash = "sha256:81b2c9071a49367a7f770170e5eec8cb66567cfbbc8c73d20ce5ca4a8d71cf11"},
]

[[package]]
name = "attrs"
version = "23.1.0"
description = "Classes Without Boilerplate"
optional = false
python-versions = ">=3.7"
files = [
    {file = "attrs-23.1.0-py3-none-any.whl", hash = "sha256:1f28b4522cdc2fb4256ac1a020c78acf9cba2c6b461ccd2c126f3aa8e8335d04"},
    {file = "attrs-23.1.0.tar.gz", hash = "sha256:6279836d581513a26f1bf235f9acd333bc9115683f14f7e8fae46c98fc50e015"},
]

[package.extras]
cov = ["attrs[tests]", "coverage[toml] (>=5.3)"]
dev = ["attrs[docs,tests]", "pre-commit"]
docs = ["furo", "myst-parser", "sphinx", "sphinx-notfound-page", "sphinxcontrib-towncrier", "towncrier", "zope-interface"]
tests = ["attrs[tests-no-zope]", "zope-interface"]
tests-no-zope = ["cloudpickle", "hypothesis", "mypy (>=1.1.1)", "pympler", "pytest (>=4.3.0)", "pytest-mypy-plugins", "pytest-xdist[psutil]"]

[[package]]
name = "click"
version = "8.1.7"
description = "Composable command line interface toolkit"
optional = false
python-versions = ">=3.7"
files = [
    {file = "click-8.1.7-py3-none-any.whl", hash = "sha256:ae74fb96c20a0277a1d615f1e4d73c8414f5a98db8b799a7931d1582f3390c28"},
    {file = "click-8.1.7.tar.gz", hash = "sha256:ca9853ad459e787e2192211578cc907e7594e294c7ccc834310722b41b9ca6de"},
]

[package.dependencies]
colorama = {version = "*", markers = "platform_system == \"Windows\""}

[[package]]
name = "colorama"
version = "0.4.6"
description = "Cross-platform colored terminal text."
optional = false
python-versions = "!=3.0.*,!=3.1.*,!=3.2.*,!=3.3.*,!=3.4.*,!=3.5.*,!=3.6.*,>=2.7"
files = [
    {file = "colorama-0.4.6-py2.py3-none-any.whl", hash = "sha256:4f1d9991f5acc0ca119f9d443620b77f9d6b33703e51011c16baf57afb285fc6"},
    {file = "colorama-0.4.6.tar.gz", hash = "sha256:08695f5cb7ed6e0531a20572697297273c47b8cae5a63ffc6d6ed5c201be6e44"},
]

[[package]]
name = "more-itertools"
version = "10.1.0"
description = "More routines for operating on iterables, beyond itertools"
optional = false
python-versions = ">=3.8"
files = [
    {file = "more-itertools-10.1.0.tar.gz", hash = "sha256:626c369fa0eb37bac0291bce8259b332fd59ac792fa5497b59837309cd5b114a"},
    {file = "more_itertools-10.1.0-py3-none-any.whl", hash = "sha256:64e0735fcfdc6f3464ea133afe8ea4483b1c5fe3a3d69852e6503b43a0b222e6"},
]

[[package]]
name = "packaging"
version = "23.1"
description = "Core utilities for Python packages"
optional = false
python-versions = ">=3.7"
files = [
    {file = "packaging-23.1-py3-none-any.whl", hash = "sha256:994793af429502c4ea2ebf6bf664629d07c1a9fe974af92966e4b8d2df7edc61"},
    {file = "packaging-23.1.tar.gz", hash = "sha256:a392980d2b6cffa644431898be54b0045151319d1e7ec34f0cfed48767dd334f"},
]

[[package]]
name = "pluggy"
version = "0.13.1"
description = "plugin and hook calling mechanisms for python"
optional = false
python-versions = ">=2.7, !=3.0.*, !=3.1.*, !=3.2.*, !=3.3.*"
files = [
    {file = "pluggy-0.13.1-py2.py3-none-any.whl", hash = "sha256:966c145cd83c96502c3c3868f50408687b38434af77734af1e9ca461a4081d2d"},
    {file = "pluggy-0.13.1.tar.gz", hash = "sha256:15b2acde666561e1298d71b523007ed7364de07029219b604cf808bfa1c765b0"},
]

[package.extras]
dev = ["pre-commit", "tox"]

[[package]]
name = "py"
version = "1.11.0"
description = "library with cross-python path, ini-parsing, io, code, log facilities"
optional = false
python-versions = ">=2.7, !=3.0.*, !=3.1.*, !=3.2.*, !=3.3.*, !=3.4.*"
files = [
    {file = "py-1.11.0-py2.py3-none-any.whl", hash = "sha256:607c53218732647dff4acdfcd50cb62615cedf612e72d1724fb1a0cc6405b378"},
    {file = "py-1.11.0.tar.gz", hash = "sha256:51c75c4126074b472f746a24399ad32f6053d1b34b68d2fa41e558e6f4a98719"},
]

[[package]]
name = "pyonmttok"
version = "1.37.1"
description = "Fast and customizable text tokenization library with BPE and SentencePiece support"
optional = false
python-versions = ">=3.6,<3.12"
files = [
    {file = "pyonmttok-1.37.1-cp310-cp310-macosx_10_9_x86_64.whl", hash = "sha256:0d916b180f0db1bfd556fda5c34aa8bde30665cb5fe38cbb11da288f6283f766"},
    {file = "pyonmttok-1.37.1-cp310-cp310-macosx_11_0_arm64.whl", hash = "sha256:854c5d194569d98611bdcc105a95d8d8894411a62b0f69ed2df0d84c236464d0"},
    {file = "pyonmttok-1.37.1-cp310-cp310-manylinux_2_17_aarch64.manylinux2014_aarch64.whl", hash = "sha256:171aa91ec1b7013bf0e9db3508f9d04c5a6e6a2cf1703bdf8d038b4773fa114e"},
    {file = "pyonmttok-1.37.1-cp310-cp310-manylinux_2_17_x86_64.manylinux2014_x86_64.whl", hash = "sha256:0cdfc6cebbf4921fcfcb4e76388142c777c025d014bd79d9a7858bba54b04129"},
    {file = "pyonmttok-1.37.1-cp310-cp310-win_amd64.whl", hash = "sha256:8fb09da1bee4ef170f9b6f5c5c71ee666d7614953203a8c02c4fe85924ac18c8"},
    {file = "pyonmttok-1.37.1-cp311-cp311-macosx_10_9_x86_64.whl", hash = "sha256:1e012d69bbf59ed4cb961a906d0fb4f0e29ff98b4d9f7003ffc30ae8dafa782c"},
    {file = "pyonmttok-1.37.1-cp311-cp311-macosx_11_0_arm64.whl", hash = "sha256:d548287d5f739582c95d0166750d322259de405ffd605b7943d0e4f6693d4043"},
    {file = "pyonmttok-1.37.1-cp311-cp311-manylinux_2_17_aarch64.manylinux2014_aarch64.whl", hash = "sha256:cee8793c6ccec83ad102b354b07d79e95ed9c003f4cd06607a1bda8ab43ef979"},
    {file = "pyonmttok-1.37.1-cp311-cp311-manylinux_2_17_x86_64.manylinux2014_x86_64.whl", hash = "sha256:3ec8f8eedb82c059cff10cc9ac74747e2b61e607cdf7744a2e1c7d0bb2d170c9"},
    {file = "pyonmttok-1.37.1-cp311-cp311-win_amd64.whl", hash = "sha256:731653a4aa727e2ec066a1741f54805c913aa9038c06d8f7b7d62f16717b0a0b"},
    {file = "pyonmttok-1.37.1-cp36-cp36m-macosx_10_9_x86_64.whl", hash = "sha256:399009259b64ec68d2791698eb7add1d7c8188d524b245ff2385f0ccb0f58323"},
    {file = "pyonmttok-1.37.1-cp36-cp36m-manylinux_2_17_aarch64.manylinux2014_aarch64.whl", hash = "sha256:b43e0793bbd4706d2658d75d5609231b8e3cf9be4c059b3df22f9f351564a1ae"},
    {file = "pyonmttok-1.37.1-cp36-cp36m-manylinux_2_17_x86_64.manylinux2014_x86_64.whl", hash = "sha256:e34d38d2ca6d8795eccf6ef21fbf90a5218e87a26f9335f20821f4712db33441"},
    {file = "pyonmttok-1.37.1-cp36-cp36m-win_amd64.whl", hash = "sha256:3b6da287d4133241e9aa6106e9d6f0a1cb6889811dcbc96071bf17d6019be547"},
    {file = "pyonmttok-1.37.1-cp37-cp37m-macosx_10_9_x86_64.whl", hash = "sha256:fc3adf282f5bdc0202a0dcfe0e83c1ed66f322df6f05743d7c680f03b47560f0"},
    {file = "pyonmttok-1.37.1-cp37-cp37m-manylinux_2_17_aarch64.manylinux2014_aarch64.whl", hash = "sha256:d741c7c4193a9b949ad907b976c808c35c294b33936fcecd42a0e1f178977303"},
    {file = "pyonmttok-1.37.1-cp37-cp37m-manylinux_2_17_x86_64.manylinux2014_x86_64.whl", hash = "sha256:02c68712a22d64850bf1ae1a2bec3aa0238de6a80d01e817bffa4d7565d8968d"},
    {file = "pyonmttok-1.37.1-cp37-cp37m-win_amd64.whl", hash = "sha256:2061489e56f40210ae0264d9a7a531a8af1251201255dcce8d55908241ecc145"},
    {file = "pyonmttok-1.37.1-cp38-cp38-macosx_10_9_x86_64.whl", hash = "sha256:2c89826f697bcd167337438a7a4c3e36c8352f17d6199acec34529c50df4cf5a"},
    {file = "pyonmttok-1.37.1-cp38-cp38-macosx_11_0_arm64.whl", hash = "sha256:f86aff8b66b898194c5d6db21fb73a61a7c6ebf49dec9a00f6ce087bfc3c83a4"},
    {file = "pyonmttok-1.37.1-cp38-cp38-manylinux_2_17_aarch64.manylinux2014_aarch64.whl", hash = "sha256:5d32d44d56402f1a8ee3009d5c2c26ea369e7f6b0072424e29d1805f0b38bbf5"},
    {file = "pyonmttok-1.37.1-cp38-cp38-manylinux_2_17_x86_64.manylinux2014_x86_64.whl", hash = "sha256:3acdb6382d2479cbfe0d312d7b0470a17f3c99f1402cdcbc16ec72ec359f7c2b"},
    {file = "pyonmttok-1.37.1-cp38-cp38-win_amd64.whl", hash = "sha256:f807d28167c4927a0c19b0b5febf1c986ee330288218cd44ed7e0384d2112ef4"},
    {file = "pyonmttok-1.37.1-cp39-cp39-macosx_10_9_x86_64.whl", hash = "sha256:aa8a6d537c9a06ff49acbf5c09e0842e6f7ab473b605e4f70689ff56372f9705"},
    {file = "pyonmttok-1.37.1-cp39-cp39-macosx_11_0_arm64.whl", hash = "sha256:71e7617d5fc8b7fda3f38789d32b941952d4db1335c9da72876122139c69b970"},
    {file = "pyonmttok-1.37.1-cp39-cp39-manylinux_2_17_aarch64.manylinux2014_aarch64.whl", hash = "sha256:358df957106ba94b0afdcb90090d10e8a6753c2d3da05c5c3554491037db9713"},
    {file = "pyonmttok-1.37.1-cp39-cp39-manylinux_2_17_x86_64.manylinux2014_x86_64.whl", hash = "sha256:57f2b23791f8818e80e0e1f75434cd7f2660f58915de043dded2783ad56365d5"},
    {file = "pyonmttok-1.37.1-cp39-cp39-win_amd64.whl", hash = "sha256:a250e6c71cf627587812524eb2421c68a50fa7aae57b15fef18d72476e1b0e25"},
]

[[package]]
name = "pytest"
version = "5.4.3"
description = "pytest: simple powerful testing with Python"
optional = false
python-versions = ">=3.5"
files = [
    {file = "pytest-5.4.3-py3-none-any.whl", hash = "sha256:5c0db86b698e8f170ba4582a492248919255fcd4c79b1ee64ace34301fb589a1"},
    {file = "pytest-5.4.3.tar.gz", hash = "sha256:7979331bfcba207414f5e1263b5a0f8f521d0f457318836a7355531ed1a4c7d8"},
]

[package.dependencies]
atomicwrites = {version = ">=1.0", markers = "sys_platform == \"win32\""}
attrs = ">=17.4.0"
colorama = {version = "*", markers = "sys_platform == \"win32\""}
more-itertools = ">=4.0.0"
packaging = "*"
pluggy = ">=0.12,<1.0"
py = ">=1.5.0"
wcwidth = "*"

[package.extras]
checkqa-mypy = ["mypy (==v0.761)"]
testing = ["argcomplete", "hypothesis (>=3.56)", "mock", "nose", "requests", "xmlschema"]

[[package]]
name = "tqdm"
version = "4.66.1"
description = "Fast, Extensible Progress Meter"
optional = false
python-versions = ">=3.7"
files = [
    {file = "tqdm-4.66.1-py3-none-any.whl", hash = "sha256:d302b3c5b53d47bce91fea46679d9c3c6508cf6332229aa1e7d8653723793386"},
    {file = "tqdm-4.66.1.tar.gz", hash = "sha256:d88e651f9db8d8551a62556d3cff9e3034274ca5d66e93197cf2490e2dcb69c7"},
]

[package.dependencies]
colorama = {version = "*", markers = "platform_system == \"Windows\""}

[package.extras]
dev = ["pytest (>=6)", "pytest-cov", "pytest-timeout", "pytest-xdist"]
notebook = ["ipywidgets (>=6)"]
slack = ["slack-sdk"]
telegram = ["requests"]

[[package]]
name = "wcwidth"
version = "0.2.6"
description = "Measures the displayed width of unicode strings in a terminal"
optional = false
python-versions = "*"
files = [
    {file = "wcwidth-0.2.6-py2.py3-none-any.whl", hash = "sha256:795b138f6875577cd91bba52baf9e445cd5118fd32723b460e30a0af30ea230e"},
    {file = "wcwidth-0.2.6.tar.gz", hash = "sha256:a5220780a404dbe3353789870978e472cfe477761f06ee55077256e509b156d0"},
]

[metadata]
lock-version = "2.0"
python-versions = ">=3.9, <3.12"
content-hash = "06cbf8f157f4ea16a4ea84dae536d3c785f520b3aef222c6ad092324667265d8"
